
Microsoft Visual Studio Solution File, Format Version 12.00
# Visual Studio Version 17
VisualStudioVersion = 17.4.33213.308
MinimumVisualStudioVersion = 10.0.40219.1
Project("{9A19103F-16F7-4668-BE54-9A1E7A4F7556}") = "WebApp_Desafio_FrontEnd", "WebApp_Desafio_FrontEnd\WebApp_Desafio_FrontEnd.csproj", "{0EC2C225-DB8F-4354-AC1E-7DB08F027946}"
EndProject
Project("{9A19103F-16F7-4668-BE54-9A1E7A4F7556}") = "WebApp_Desafio_API", "WebApp_Desafio_API\WebApp_Desafio_API.csproj", "{0F4F1E33-1AA9-4E85-AE27-F889AD0FC17F}"
EndProject
Project("{FAE04EC0-301F-11D3-BF4B-00C04F79EFBC}") = "WebApp_Desafio_BackEnd", "WebApp_Desafio_BackEnd\WebApp_Desafio_BackEnd.csproj", "{184A5B88-1CAF-4F2B-B356-3028015FD8BC}"
EndProject
Project("{FAE04EC0-301F-11D3-BF4B-00C04F79EFBC}") = "WinForm_Desafio_Reports", "WinForm_Desafio_Reports\WinForm_Desafio_Reports.csproj", "{3453FEAA-792F-49B8-B9CC-15382D3335B8}"
EndProject
Global
	GlobalSection(SolutionConfigurationPlatforms) = preSolution
		Debug|Any CPU = Debug|Any CPU
		Debug|x86 = Debug|x86
		Release|Any CPU = Release|Any CPU
		Release|x86 = Release|x86
	EndGlobalSection
	GlobalSection(ProjectConfigurationPlatforms) = postSolution
		{0EC2C225-DB8F-4354-AC1E-7DB08F027946}.Debug|Any CPU.ActiveCfg = Debug|Any CPU
		{0EC2C225-DB8F-4354-AC1E-7DB08F027946}.Debug|Any CPU.Build.0 = Debug|Any CPU
		{0EC2C225-DB8F-4354-AC1E-7DB08F027946}.Debug|x86.ActiveCfg = Debug|x86
		{0EC2C225-DB8F-4354-AC1E-7DB08F027946}.Debug|x86.Build.0 = Debug|x86
		{0EC2C225-DB8F-4354-AC1E-7DB08F027946}.Release|Any CPU.ActiveCfg = Release|Any CPU
		{0EC2C225-DB8F-4354-AC1E-7DB08F027946}.Release|Any CPU.Build.0 = Release|Any CPU
		{0EC2C225-DB8F-4354-AC1E-7DB08F027946}.Release|x86.ActiveCfg = Release|x86
		{0EC2C225-DB8F-4354-AC1E-7DB08F027946}.Release|x86.Build.0 = Release|x86
		{0F4F1E33-1AA9-4E85-AE27-F889AD0FC17F}.Debug|Any CPU.ActiveCfg = Debug|Any CPU
		{0F4F1E33-1AA9-4E85-AE27-F889AD0FC17F}.Debug|Any CPU.Build.0 = Debug|Any CPU
		{0F4F1E33-1AA9-4E85-AE27-F889AD0FC17F}.Debug|x86.ActiveCfg = Debug|x86
		{0F4F1E33-1AA9-4E85-AE27-F889AD0FC17F}.Debug|x86.Build.0 = Debug|x86
		{0F4F1E33-1AA9-4E85-AE27-F889AD0FC17F}.Release|Any CPU.ActiveCfg = Release|Any CPU
		{0F4F1E33-1AA9-4E85-AE27-F889AD0FC17F}.Release|Any CPU.Build.0 = Release|Any CPU
		{0F4F1E33-1AA9-4E85-AE27-F889AD0FC17F}.Release|x86.ActiveCfg = Release|x86
		{0F4F1E33-1AA9-4E85-AE27-F889AD0FC17F}.Release|x86.Build.0 = Release|x86
		{184A5B88-1CAF-4F2B-B356-3028015FD8BC}.Debug|Any CPU.ActiveCfg = Debug|Any CPU
		{184A5B88-1CAF-4F2B-B356-3028015FD8BC}.Debug|Any CPU.Build.0 = Debug|Any CPU
		{184A5B88-1CAF-4F2B-B356-3028015FD8BC}.Debug|x86.ActiveCfg = Debug|x86
		{184A5B88-1CAF-4F2B-B356-3028015FD8BC}.Debug|x86.Build.0 = Debug|x86
		{184A5B88-1CAF-4F2B-B356-3028015FD8BC}.Release|Any CPU.ActiveCfg = Release|Any CPU
		{184A5B88-1CAF-4F2B-B356-3028015FD8BC}.Release|Any CPU.Build.0 = Release|Any CPU
		{184A5B88-1CAF-4F2B-B356-3028015FD8BC}.Release|x86.ActiveCfg = Release|x86
		{184A5B88-1CAF-4F2B-B356-3028015FD8BC}.Release|x86.Build.0 = Release|x86
		{3453FEAA-792F-49B8-B9CC-15382D3335B8}.Debug|Any CPU.ActiveCfg = Debug|Any CPU
		{3453FEAA-792F-49B8-B9CC-15382D3335B8}.Debug|Any CPU.Build.0 = Debug|Any CPU
		{3453FEAA-792F-49B8-B9CC-15382D3335B8}.Debug|x86.ActiveCfg = Debug|Any CPU
		{3453FEAA-792F-49B8-B9CC-15382D3335B8}.Debug|x86.Build.0 = Debug|Any CPU
		{3453FEAA-792F-49B8-B9CC-15382D3335B8}.Release|Any CPU.ActiveCfg = Release|Any CPU
		{3453FEAA-792F-49B8-B9CC-15382D3335B8}.Release|Any CPU.Build.0 = Release|Any CPU
		{3453FEAA-792F-49B8-B9CC-15382D3335B8}.Release|x86.ActiveCfg = Release|Any CPU
		{3453FEAA-792F-49B8-B9CC-15382D3335B8}.Release|x86.Build.0 = Release|Any CPU
	EndGlobalSection
	GlobalSection(SolutionProperties) = preSolution
		HideSolutionNode = FALSE
	EndGlobalSection
	GlobalSection(ExtensibilityGlobals) = postSolution
		SolutionGuid = {8F3AE0E4-A0CF-4311-ABDE-ED8B4FB37804}
	EndGlobalSection
EndGlobal
